
Microsoft Visual Studio Solution File, Format Version 12.00
# Visual Studio Version 17
VisualStudioVersion = 17.4.33213.308
MinimumVisualStudioVersion = 10.0.40219.1
Project("{8BC9CEB8-8B4A-11D0-8D11-00A0C91BC942}") = "R.5", "R.5\R.5.vcxproj", "{44ABE1A8-D012-4DC9-B305-F84F9E474053}"
EndProject
Global
	GlobalSection(SolutionConfigurationPlatforms) = preSolution
		Debug|x64 = Debug|x64
		Debug|x86 = Debug|x86
		Release|x64 = Release|x64
		Release|x86 = Release|x86
	EndGlobalSection
	GlobalSection(ProjectConfigurationPlatforms) = postSolution
		{44ABE1A8-D012-4DC9-B305-F84F9E474053}.Debug|x64.ActiveCfg = Debug|x64
		{44ABE1A8-D012-4DC9-B305-F84F9E474053}.Debug|x64.Build.0 = Debug|x64
		{44ABE1A8-D012-4DC9-B305-F84F9E474053}.Debug|x86.ActiveCfg = Debug|Win32
		{44ABE1A8-D012-4DC9-B305-F84F9E474053}.Debug|x86.Build.0 = Debug|Win32
		{44ABE1A8-D012-4DC9-B305-F84F9E474053}.Release|x64.ActiveCfg = Release|x64
		{44ABE1A8-D012-4DC9-B305-F84F9E474053}.Release|x64.Build.0 = Release|x64
		{44ABE1A8-D012-4DC9-B305-F84F9E474053}.Release|x86.ActiveCfg = Release|Win32
		{44ABE1A8-D012-4DC9-B305-F84F9E474053}.Release|x86.Build.0 = Release|Win32
	EndGlobalSection
	GlobalSection(SolutionProperties) = preSolution
		HideSolutionNode = FALSE
	EndGlobalSection
	GlobalSection(ExtensibilityGlobals) = postSolution
		SolutionGuid = {CDC56D1D-FE57-4DA6-982E-C2A1559B1885}
	EndGlobalSection
EndGlobal
