
Microsoft Visual Studio Solution File, Format Version 12.00
# Visual Studio Version 17
VisualStudioVersion = 17.4.33213.308
MinimumVisualStudioVersion = 10.0.40219.1
Project("{8BC9CEB8-8B4A-11D0-8D11-00A0C91BC942}") = "R.2", "R.2\R.2.vcxproj", "{CFE02BB0-385B-46D6-B6CA-E2BEB24407B1}"
EndProject
Global
	GlobalSection(SolutionConfigurationPlatforms) = preSolution
		Debug|x64 = Debug|x64
		Debug|x86 = Debug|x86
		Release|x64 = Release|x64
		Release|x86 = Release|x86
	EndGlobalSection
	GlobalSection(ProjectConfigurationPlatforms) = postSolution
		{CFE02BB0-385B-46D6-B6CA-E2BEB24407B1}.Debug|x64.ActiveCfg = Debug|x64
		{CFE02BB0-385B-46D6-B6CA-E2BEB24407B1}.Debug|x64.Build.0 = Debug|x64
		{CFE02BB0-385B-46D6-B6CA-E2BEB24407B1}.Debug|x86.ActiveCfg = Debug|Win32
		{CFE02BB0-385B-46D6-B6CA-E2BEB24407B1}.Debug|x86.Build.0 = Debug|Win32
		{CFE02BB0-385B-46D6-B6CA-E2BEB24407B1}.Release|x64.ActiveCfg = Release|x64
		{CFE02BB0-385B-46D6-B6CA-E2BEB24407B1}.Release|x64.Build.0 = Release|x64
		{CFE02BB0-385B-46D6-B6CA-E2BEB24407B1}.Release|x86.ActiveCfg = Release|Win32
		{CFE02BB0-385B-46D6-B6CA-E2BEB24407B1}.Release|x86.Build.0 = Release|Win32
	EndGlobalSection
	GlobalSection(SolutionProperties) = preSolution
		HideSolutionNode = FALSE
	EndGlobalSection
	GlobalSection(ExtensibilityGlobals) = postSolution
		SolutionGuid = {1273AF94-3FA9-4687-90DF-90DDAA81E7FD}
	EndGlobalSection
EndGlobal
